
Microsoft Visual Studio Solution File, Format Version 12.00
# Visual Studio Version 17
VisualStudioVersion = 17.0.32112.339
MinimumVisualStudioVersion = 10.0.40219.1
Project("{FAE04EC0-301F-11D3-BF4B-00C04F79EFBC}") = "RestCacheClient", "RestCacheClient\RestCacheClient.csproj", "{FBF656FD-5E78-452A-B797-1BC03C468FE4}"
EndProject
Global
	GlobalSection(SolutionConfigurationPlatforms) = preSolution
		Debug|Any CPU = Debug|Any CPU
		Release|Any CPU = Release|Any CPU
	EndGlobalSection
	GlobalSection(ProjectConfigurationPlatforms) = postSolution
		{FBF656FD-5E78-452A-B797-1BC03C468FE4}.Debug|Any CPU.ActiveCfg = Debug|Any CPU
		{FBF656FD-5E78-452A-B797-1BC03C468FE4}.Debug|Any CPU.Build.0 = Debug|Any CPU
		{FBF656FD-5E78-452A-B797-1BC03C468FE4}.Release|Any CPU.ActiveCfg = Release|Any CPU
		{FBF656FD-5E78-452A-B797-1BC03C468FE4}.Release|Any CPU.Build.0 = Release|Any CPU
	EndGlobalSection
	GlobalSection(SolutionProperties) = preSolution
		HideSolutionNode = FALSE
	EndGlobalSection
	GlobalSection(ExtensibilityGlobals) = postSolution
		SolutionGuid = {BFBED2B7-1730-4CF9-8A36-CF84B4AC4A32}
	EndGlobalSection
EndGlobal
